
Microsoft Visual Studio Solution File, Format Version 12.00
# Visual Studio 15
VisualStudioVersion = 15.0.27703.2042
MinimumVisualStudioVersion = 10.0.40219.1
Project("{FAE04EC0-301F-11D3-BF4B-00C04F79EFBC}") = "BaseXml", "BaseXml\BaseXml.csproj", "{003977B7-6E1D-48AF-A998-A54EFEBA800C}"
EndProject
Project("{FAE04EC0-301F-11D3-BF4B-00C04F79EFBC}") = "BaseXml.Tests", "BaseXml.Tests\BaseXml.Tests.csproj", "{F7CFABEB-972D-431E-97DA-5F2482A2D147}"
EndProject
Project("{FAE04EC0-301F-11D3-BF4B-00C04F79EFBC}") = "BaseXml.Sample", "BaseXml.Sample\BaseXml.Sample.csproj", "{CB385706-0ACC-4110-99AF-2F9564031679}"
EndProject
Global
	GlobalSection(SolutionConfigurationPlatforms) = preSolution
		Debug|Any CPU = Debug|Any CPU
		Release|Any CPU = Release|Any CPU
	EndGlobalSection
	GlobalSection(ProjectConfigurationPlatforms) = postSolution
		{003977B7-6E1D-48AF-A998-A54EFEBA800C}.Debug|Any CPU.ActiveCfg = Debug|Any CPU
		{003977B7-6E1D-48AF-A998-A54EFEBA800C}.Debug|Any CPU.Build.0 = Debug|Any CPU
		{003977B7-6E1D-48AF-A998-A54EFEBA800C}.Release|Any CPU.ActiveCfg = Release|Any CPU
		{003977B7-6E1D-48AF-A998-A54EFEBA800C}.Release|Any CPU.Build.0 = Release|Any CPU
		{F7CFABEB-972D-431E-97DA-5F2482A2D147}.Debug|Any CPU.ActiveCfg = Debug|Any CPU
		{F7CFABEB-972D-431E-97DA-5F2482A2D147}.Debug|Any CPU.Build.0 = Debug|Any CPU
		{F7CFABEB-972D-431E-97DA-5F2482A2D147}.Release|Any CPU.ActiveCfg = Release|Any CPU
		{F7CFABEB-972D-431E-97DA-5F2482A2D147}.Release|Any CPU.Build.0 = Release|Any CPU
		{CB385706-0ACC-4110-99AF-2F9564031679}.Debug|Any CPU.ActiveCfg = Debug|Any CPU
		{CB385706-0ACC-4110-99AF-2F9564031679}.Debug|Any CPU.Build.0 = Debug|Any CPU
		{CB385706-0ACC-4110-99AF-2F9564031679}.Release|Any CPU.ActiveCfg = Release|Any CPU
		{CB385706-0ACC-4110-99AF-2F9564031679}.Release|Any CPU.Build.0 = Release|Any CPU
	EndGlobalSection
	GlobalSection(SolutionProperties) = preSolution
		HideSolutionNode = FALSE
	EndGlobalSection
	GlobalSection(ExtensibilityGlobals) = postSolution
		SolutionGuid = {BFE33F32-87C5-483B-82A4-12C84AB30A74}
	EndGlobalSection
EndGlobal
